// !$*UTF8*$!
{
	archiveVersion = 1;
	classes = {
	};
	objectVersion = 46;
	objects = {

/* Begin PBXBuildFile section */
		7A391E811D05C8030078B226 /* main.m in Sources */ = {isa = PBXBuildFile; fileRef = 7A391E801D05C8030078B226 /* main.m */; };
		7A391E841D05C8030078B226 /* AppDelegate.mm in Sources */ = {isa = PBXBuildFile; fileRef = 7A391E831D05C8030078B226 /* AppDelegate.mm */; };
		7A391E871D05C8030078B226 /* ViewController.mm in Sources */ = {isa = PBXBuildFile; fileRef = 7A391E861D05C8030078B226 /* ViewController.mm */; };
		7A391E8A1D05C8030078B226 /* Main.storyboard in Resources */ = {isa = PBXBuildFile; fileRef = 7A391E881D05C8030078B226 /* Main.storyboard */; };
		7A391E8C1D05C8030078B226 /* Assets.xcassets in Resources */ = {isa = PBXBuildFile; fileRef = 7A391E8B1D05C8030078B226 /* Assets.xcassets */; };
		7A391E8F1D05C8030078B226 /* LaunchScreen.storyboard in Resources */ = {isa = PBXBuildFile; fileRef = 7A391E8D1D05C8030078B226 /* LaunchScreen.storyboard */; };
		7A391E9A1D05C8030078B226 /* iOSKeyboardTests.m in Sources */ = {isa = PBXBuildFile; fileRef = 7A391E991D05C8030078B226 /* iOSKeyboardTests.m */; };
		7A391EA51D05C8440078B226 /* CoreMotion.framework in Frameworks */ = {isa = PBXBuildFile; fileRef = 7A391EA41D05C8440078B226 /* CoreMotion.framework */; };
		7A391EA71D05C84E0078B226 /* AudioToolbox.framework in Frameworks */ = {isa = PBXBuildFile; fileRef = 7A391EA61D05C84E0078B226 /* AudioToolbox.framework */; };
		7A391EAA1D05C8B30078B226 /* MultiKeyboard.mm in Sources */ = {isa = PBXBuildFile; fileRef = 7A391EA91D05C8B30078B226 /* MultiKeyboard.mm */; };
		7A391EAE1D05C8E70078B226 /* Zone.mm in Sources */ = {isa = PBXBuildFile; fileRef = 7A391EAD1D05C8E70078B226 /* Zone.mm */; };
		7A4E1D9A1E259842000DCB9C /* Square_dsp in Resources */ = {isa = PBXBuildFile; fileRef = 7A4E1D941E259842000DCB9C /* Square_dsp */; };
		7A4E1D9B1E259842000DCB9C /* Square_keyb in Resources */ = {isa = PBXBuildFile; fileRef = 7A4E1D951E259842000DCB9C /* Square_keyb */; };
		7A4E1D9C1E259842000DCB9C /* String_dsp in Resources */ = {isa = PBXBuildFile; fileRef = 7A4E1D961E259842000DCB9C /* String_dsp */; };
		7A4E1D9D1E259842000DCB9C /* String_keyb in Resources */ = {isa = PBXBuildFile; fileRef = 7A4E1D971E259842000DCB9C /* String_keyb */; };
		7A4E1D9E1E259842000DCB9C /* Triangle_dsp in Resources */ = {isa = PBXBuildFile; fileRef = 7A4E1D981E259842000DCB9C /* Triangle_dsp */; };
		7A4E1D9F1E259842000DCB9C /* Triangle_keyb in Resources */ = {isa = PBXBuildFile; fileRef = 7A4E1D991E259842000DCB9C /* Triangle_keyb */; };
		7A4E1DA91E25AFE4000DCB9C /* configDisplayBackground.jpg in Resources */ = {isa = PBXBuildFile; fileRef = 7A4E1DA11E25AFE4000DCB9C /* configDisplayBackground.jpg */; };
		7A4E1DAA1E25AFE4000DCB9C /* keyDownBright.png in Resources */ = {isa = PBXBuildFile; fileRef = 7A4E1DA21E25AFE4000DCB9C /* keyDownBright.png */; };
		7A4E1DAB1E25AFE4000DCB9C /* keyDownDark.png in Resources */ = {isa = PBXBuildFile; fileRef = 7A4E1DA31E25AFE4000DCB9C /* keyDownDark.png */; };
		7A4E1DAC1E25AFE4000DCB9C /* keyUpBright.png in Resources */ = {isa = PBXBuildFile; fileRef = 7A4E1DA41E25AFE4000DCB9C /* keyUpBright.png */; };
		7A4E1DAD1E25AFE4000DCB9C /* keyUpDark.png in Resources */ = {isa = PBXBuildFile; fileRef = 7A4E1DA51E25AFE4000DCB9C /* keyUpDark.png */; };
		7A4E1DAE1E25AFE4000DCB9C /* mainBackground.jpg in Resources */ = {isa = PBXBuildFile; fileRef = 7A4E1DA61E25AFE4000DCB9C /* mainBackground.jpg */; };
		7A4E1DAF1E25AFE4000DCB9C /* navBarButtonsOff.png in Resources */ = {isa = PBXBuildFile; fileRef = 7A4E1DA71E25AFE4000DCB9C /* navBarButtonsOff.png */; };
		7A4E1DB01E25AFE4000DCB9C /* navBarButtonsOn.png in Resources */ = {isa = PBXBuildFile; fileRef = 7A4E1DA81E25AFE4000DCB9C /* navBarButtonsOn.png */; };
		7A4E1DB31E268D14000DCB9C /* Djembe_dsp in Resources */ = {isa = PBXBuildFile; fileRef = 7A4E1DB11E268D14000DCB9C /* Djembe_dsp */; };
		7A4E1DB41E268D14000DCB9C /* Djembe_keyb in Resources */ = {isa = PBXBuildFile; fileRef = 7A4E1DB21E268D14000DCB9C /* Djembe_keyb */; };
		7A53D8961E03CC58008A4895 /* InstrumentInterface.mm in Sources */ = {isa = PBXBuildFile; fileRef = 7A53D8951E03CC58008A4895 /* InstrumentInterface.mm */; };
		7A53D8991E03CFFE008A4895 /* NavBar.mm in Sources */ = {isa = PBXBuildFile; fileRef = 7A53D8981E03CFFE008A4895 /* NavBar.mm */; };
		7A53D89C1E03D076008A4895 /* Button.m in Sources */ = {isa = PBXBuildFile; fileRef = 7A53D89B1E03D076008A4895 /* Button.m */; };
		7A74AEAF1DFA3957009942C2 /* DspFaust.cpp in Sources */ = {isa = PBXBuildFile; fileRef = 7A74AEAD1DFA3957009942C2 /* DspFaust.cpp */; };
		7A8D384E1E127228006C44C3 /* PresetMenu.mm in Sources */ = {isa = PBXBuildFile; fileRef = 7A8D384D1E127228006C44C3 /* PresetMenu.mm */; };
		7A91E7071DB2C4670071B829 /* CoreMIDI.framework in Frameworks */ = {isa = PBXBuildFile; fileRef = 7A91E7061DB2C4670071B829 /* CoreMIDI.framework */; };
		7AC85B311E042F7E001A98AD /* ConfigDisplay.mm in Sources */ = {isa = PBXBuildFile; fileRef = 7AC85B301E042F7E001A98AD /* ConfigDisplay.mm */; };
/* End PBXBuildFile section */

/* Begin PBXContainerItemProxy section */
		7A391E961D05C8030078B226 /* PBXContainerItemProxy */ = {
			isa = PBXContainerItemProxy;
			containerPortal = 7A391E741D05C8020078B226 /* Project object */;
			proxyType = 1;
			remoteGlobalIDString = 7A391E7B1D05C8020078B226;
			remoteInfo = iOSKeyboard;
		};
/* End PBXContainerItemProxy section */

/* Begin PBXFileReference section */
		7A391E7C1D05C8020078B226 /* iOSKeyboard.app */ = {isa = PBXFileReference; explicitFileType = wrapper.application; includeInIndex = 0; path = iOSKeyboard.app; sourceTree = BUILT_PRODUCTS_DIR; };
		7A391E801D05C8030078B226 /* main.m */ = {isa = PBXFileReference; lastKnownFileType = sourcecode.c.objc; path = main.m; sourceTree = "<group>"; };
		7A391E821D05C8030078B226 /* AppDelegate.h */ = {isa = PBXFileReference; lastKnownFileType = sourcecode.c.h; path = AppDelegate.h; sourceTree = "<group>"; };
		7A391E831D05C8030078B226 /* AppDelegate.mm */ = {isa = PBXFileReference; lastKnownFileType = sourcecode.cpp.objcpp; path = AppDelegate.mm; sourceTree = "<group>"; };
		7A391E851D05C8030078B226 /* ViewController.h */ = {isa = PBXFileReference; lastKnownFileType = sourcecode.c.h; path = ViewController.h; sourceTree = "<group>"; };
		7A391E861D05C8030078B226 /* ViewController.mm */ = {isa = PBXFileReference; lastKnownFileType = sourcecode.cpp.objcpp; path = ViewController.mm; sourceTree = "<group>"; };
		7A391E891D05C8030078B226 /* Base */ = {isa = PBXFileReference; lastKnownFileType = file.storyboard; name = Base; path = Base.lproj/Main.storyboard; sourceTree = "<group>"; };
		7A391E8B1D05C8030078B226 /* Assets.xcassets */ = {isa = PBXFileReference; lastKnownFileType = folder.assetcatalog; path = Assets.xcassets; sourceTree = "<group>"; };
		7A391E8E1D05C8030078B226 /* Base */ = {isa = PBXFileReference; lastKnownFileType = file.storyboard; name = Base; path = Base.lproj/LaunchScreen.storyboard; sourceTree = "<group>"; };
		7A391E901D05C8030078B226 /* Info.plist */ = {isa = PBXFileReference; lastKnownFileType = text.plist.xml; path = Info.plist; sourceTree = "<group>"; };
		7A391E951D05C8030078B226 /* iOSKeyboardTests.xctest */ = {isa = PBXFileReference; explicitFileType = wrapper.cfbundle; includeInIndex = 0; path = iOSKeyboardTests.xctest; sourceTree = BUILT_PRODUCTS_DIR; };
		7A391E991D05C8030078B226 /* iOSKeyboardTests.m */ = {isa = PBXFileReference; lastKnownFileType = sourcecode.c.objc; path = iOSKeyboardTests.m; sourceTree = "<group>"; };
		7A391E9B1D05C8030078B226 /* Info.plist */ = {isa = PBXFileReference; lastKnownFileType = text.plist.xml; path = Info.plist; sourceTree = "<group>"; };
		7A391EA41D05C8440078B226 /* CoreMotion.framework */ = {isa = PBXFileReference; lastKnownFileType = wrapper.framework; name = CoreMotion.framework; path = System/Library/Frameworks/CoreMotion.framework; sourceTree = SDKROOT; };
		7A391EA61D05C84E0078B226 /* AudioToolbox.framework */ = {isa = PBXFileReference; lastKnownFileType = wrapper.framework; name = AudioToolbox.framework; path = System/Library/Frameworks/AudioToolbox.framework; sourceTree = SDKROOT; };
		7A391EA81D05C8B30078B226 /* MultiKeyboard.h */ = {isa = PBXFileReference; fileEncoding = 4; lastKnownFileType = sourcecode.c.h; path = MultiKeyboard.h; sourceTree = "<group>"; };
		7A391EA91D05C8B30078B226 /* MultiKeyboard.mm */ = {isa = PBXFileReference; fileEncoding = 4; lastKnownFileType = sourcecode.cpp.objcpp; path = MultiKeyboard.mm; sourceTree = "<group>"; };
		7A391EAC1D05C8E70078B226 /* Zone.h */ = {isa = PBXFileReference; fileEncoding = 4; lastKnownFileType = sourcecode.c.h; path = Zone.h; sourceTree = "<group>"; };
		7A391EAD1D05C8E70078B226 /* Zone.mm */ = {isa = PBXFileReference; fileEncoding = 4; lastKnownFileType = sourcecode.cpp.objcpp; path = Zone.mm; sourceTree = "<group>"; };
		7A4E1D941E259842000DCB9C /* Square_dsp */ = {isa = PBXFileReference; fileEncoding = 4; lastKnownFileType = text.xml; name = Square_dsp; path = iOSKeyboard/presets/Square_dsp; sourceTree = "<group>"; };
		7A4E1D951E259842000DCB9C /* Square_keyb */ = {isa = PBXFileReference; fileEncoding = 4; lastKnownFileType = text.xml; name = Square_keyb; path = iOSKeyboard/presets/Square_keyb; sourceTree = "<group>"; };
		7A4E1D961E259842000DCB9C /* String_dsp */ = {isa = PBXFileReference; fileEncoding = 4; lastKnownFileType = text.xml; name = String_dsp; path = iOSKeyboard/presets/String_dsp; sourceTree = "<group>"; };
		7A4E1D971E259842000DCB9C /* String_keyb */ = {isa = PBXFileReference; fileEncoding = 4; lastKnownFileType = text.xml; name = String_keyb; path = iOSKeyboard/presets/String_keyb; sourceTree = "<group>"; };
		7A4E1D981E259842000DCB9C /* Triangle_dsp */ = {isa = PBXFileReference; fileEncoding = 4; lastKnownFileType = text.xml; name = Triangle_dsp; path = iOSKeyboard/presets/Triangle_dsp; sourceTree = "<group>"; };
		7A4E1D991E259842000DCB9C /* Triangle_keyb */ = {isa = PBXFileReference; fileEncoding = 4; lastKnownFileType = text.xml; name = Triangle_keyb; path = iOSKeyboard/presets/Triangle_keyb; sourceTree = "<group>"; };
		7A4E1DA11E25AFE4000DCB9C /* configDisplayBackground.jpg */ = {isa = PBXFileReference; lastKnownFileType = image.jpeg; name = configDisplayBackground.jpg; path = img/configDisplayBackground.jpg; sourceTree = "<group>"; };
		7A4E1DA21E25AFE4000DCB9C /* keyDownBright.png */ = {isa = PBXFileReference; lastKnownFileType = image.png; name = keyDownBright.png; path = img/keyDownBright.png; sourceTree = "<group>"; };
		7A4E1DA31E25AFE4000DCB9C /* keyDownDark.png */ = {isa = PBXFileReference; lastKnownFileType = image.png; name = keyDownDark.png; path = img/keyDownDark.png; sourceTree = "<group>"; };
		7A4E1DA41E25AFE4000DCB9C /* keyUpBright.png */ = {isa = PBXFileReference; lastKnownFileType = image.png; name = keyUpBright.png; path = img/keyUpBright.png; sourceTree = "<group>"; };
		7A4E1DA51E25AFE4000DCB9C /* keyUpDark.png */ = {isa = PBXFileReference; lastKnownFileType = image.png; name = keyUpDark.png; path = img/keyUpDark.png; sourceTree = "<group>"; };
		7A4E1DA61E25AFE4000DCB9C /* mainBackground.jpg */ = {isa = PBXFileReference; lastKnownFileType = image.jpeg; name = mainBackground.jpg; path = img/mainBackground.jpg; sourceTree = "<group>"; };
		7A4E1DA71E25AFE4000DCB9C /* navBarButtonsOff.png */ = {isa = PBXFileReference; lastKnownFileType = image.png; name = navBarButtonsOff.png; path = img/navBarButtonsOff.png; sourceTree = "<group>"; };
		7A4E1DA81E25AFE4000DCB9C /* navBarButtonsOn.png */ = {isa = PBXFileReference; lastKnownFileType = image.png; name = navBarButtonsOn.png; path = img/navBarButtonsOn.png; sourceTree = "<group>"; };
		7A4E1DB11E268D14000DCB9C /* Djembe_dsp */ = {isa = PBXFileReference; fileEncoding = 4; lastKnownFileType = text.xml; name = Djembe_dsp; path = iOSKeyboard/presets/Djembe_dsp; sourceTree = "<group>"; };
		7A4E1DB21E268D14000DCB9C /* Djembe_keyb */ = {isa = PBXFileReference; fileEncoding = 4; lastKnownFileType = text.xml; name = Djembe_keyb; path = iOSKeyboard/presets/Djembe_keyb; sourceTree = "<group>"; };
		7A53D8941E03CC58008A4895 /* InstrumentInterface.h */ = {isa = PBXFileReference; fileEncoding = 4; lastKnownFileType = sourcecode.c.h; path = InstrumentInterface.h; sourceTree = "<group>"; };
		7A53D8951E03CC58008A4895 /* InstrumentInterface.mm */ = {isa = PBXFileReference; fileEncoding = 4; lastKnownFileType = sourcecode.cpp.objcpp; path = InstrumentInterface.mm; sourceTree = "<group>"; };
		7A53D8971E03CFFE008A4895 /* NavBar.h */ = {isa = PBXFileReference; fileEncoding = 4; lastKnownFileType = sourcecode.c.h; path = NavBar.h; sourceTree = "<group>"; };
		7A53D8981E03CFFE008A4895 /* NavBar.mm */ = {isa = PBXFileReference; fileEncoding = 4; lastKnownFileType = sourcecode.cpp.objcpp; path = NavBar.mm; sourceTree = "<group>"; };
		7A53D89A1E03D076008A4895 /* Button.h */ = {isa = PBXFileReference; fileEncoding = 4; lastKnownFileType = sourcecode.c.h; path = Button.h; sourceTree = "<group>"; };
		7A53D89B1E03D076008A4895 /* Button.m */ = {isa = PBXFileReference; fileEncoding = 4; lastKnownFileType = sourcecode.c.objc; path = Button.m; sourceTree = "<group>"; };
		7A74AEAD1DFA3957009942C2 /* DspFaust.cpp */ = {isa = PBXFileReference; fileEncoding = 4; lastKnownFileType = sourcecode.cpp.cpp; path = DspFaust.cpp; sourceTree = "<group>"; };
		7A74AEAE1DFA3957009942C2 /* DspFaust.h */ = {isa = PBXFileReference; fileEncoding = 4; lastKnownFileType = sourcecode.c.h; path = DspFaust.h; sourceTree = "<group>"; };
		7A8D384C1E127228006C44C3 /* PresetMenu.h */ = {isa = PBXFileReference; fileEncoding = 4; lastKnownFileType = sourcecode.c.h; path = PresetMenu.h; sourceTree = "<group>"; };
		7A8D384D1E127228006C44C3 /* PresetMenu.mm */ = {isa = PBXFileReference; fileEncoding = 4; lastKnownFileType = sourcecode.cpp.objcpp; path = PresetMenu.mm; sourceTree = "<group>"; };
		7A91E6CF1DAE84B60071B829 /* Smooth.h */ = {isa = PBXFileReference; lastKnownFileType = sourcecode.c.h; path = Smooth.h; sourceTree = "<group>"; };
		7A91E7061DB2C4670071B829 /* CoreMIDI.framework */ = {isa = PBXFileReference; lastKnownFileType = wrapper.framework; name = CoreMIDI.framework; path = System/Library/Frameworks/CoreMIDI.framework; sourceTree = SDKROOT; };
		7A91E7081DB2C6570071B829 /* Foundation.framework */ = {isa = PBXFileReference; lastKnownFileType = wrapper.framework; name = Foundation.framework; path = System/Library/Frameworks/Foundation.framework; sourceTree = SDKROOT; };
		7AC85B2F1E042F7E001A98AD /* ConfigDisplay.h */ = {isa = PBXFileReference; fileEncoding = 4; lastKnownFileType = sourcecode.c.h; path = ConfigDisplay.h; sourceTree = "<group>"; };
		7AC85B301E042F7E001A98AD /* ConfigDisplay.mm */ = {isa = PBXFileReference; fileEncoding = 4; lastKnownFileType = sourcecode.cpp.objcpp; path = ConfigDisplay.mm; sourceTree = "<group>"; };
/* End PBXFileReference section */

/* Begin PBXFrameworksBuildPhase section */
		7A391E791D05C8020078B226 /* Frameworks */ = {
			isa = PBXFrameworksBuildPhase;
			buildActionMask = 2147483647;
			files = (
				7A91E7071DB2C4670071B829 /* CoreMIDI.framework in Frameworks */,
				7A391EA71D05C84E0078B226 /* AudioToolbox.framework in Frameworks */,
				7A391EA51D05C8440078B226 /* CoreMotion.framework in Frameworks */,
			);
			runOnlyForDeploymentPostprocessing = 0;
		};
		7A391E921D05C8030078B226 /* Frameworks */ = {
			isa = PBXFrameworksBuildPhase;
			buildActionMask = 2147483647;
			files = (
			);
			runOnlyForDeploymentPostprocessing = 0;
		};
/* End PBXFrameworksBuildPhase section */

/* Begin PBXGroup section */
		7A391E731D05C8020078B226 = {
			isa = PBXGroup;
			children = (
				7A4E1D931E25980E000DCB9C /* Presets */,
				7A391EA61D05C84E0078B226 /* AudioToolbox.framework */,
				7A391EA41D05C8440078B226 /* CoreMotion.framework */,
				7A391E7E1D05C8030078B226 /* iOSKeyboard */,
				7A391E981D05C8030078B226 /* iOSKeyboardTests */,
				7A391E7D1D05C8020078B226 /* Products */,
				7A91E7051DB2C4670071B829 /* Frameworks */,
			);
			sourceTree = "<group>";
		};
		7A391E7D1D05C8020078B226 /* Products */ = {
			isa = PBXGroup;
			children = (
				7A391E7C1D05C8020078B226 /* iOSKeyboard.app */,
				7A391E951D05C8030078B226 /* iOSKeyboardTests.xctest */,
			);
			name = Products;
			sourceTree = "<group>";
		};
		7A391E7E1D05C8030078B226 /* iOSKeyboard */ = {
			isa = PBXGroup;
			children = (
				7A391E821D05C8030078B226 /* AppDelegate.h */,
				7A391E831D05C8030078B226 /* AppDelegate.mm */,
				7A391E851D05C8030078B226 /* ViewController.h */,
				7A391E861D05C8030078B226 /* ViewController.mm */,
				7A391E881D05C8030078B226 /* Main.storyboard */,
				7A391E8B1D05C8030078B226 /* Assets.xcassets */,
				7A391E8D1D05C8030078B226 /* LaunchScreen.storyboard */,
				7A391E901D05C8030078B226 /* Info.plist */,
				7A4E1DA01E25AEDD000DCB9C /* DspFaust */,
				7A391EAB1D05C8C40078B226 /* FaustAudio */,
				7A391E7F1D05C8030078B226 /* Supporting Files */,
			);
			path = iOSKeyboard;
			sourceTree = "<group>";
		};
		7A391E7F1D05C8030078B226 /* Supporting Files */ = {
			isa = PBXGroup;
			children = (
				7A391E801D05C8030078B226 /* main.m */,
			);
			name = "Supporting Files";
			sourceTree = "<group>";
		};
		7A391E981D05C8030078B226 /* iOSKeyboardTests */ = {
			isa = PBXGroup;
			children = (
				7A391E991D05C8030078B226 /* iOSKeyboardTests.m */,
				7A391E9B1D05C8030078B226 /* Info.plist */,
			);
			path = iOSKeyboardTests;
			sourceTree = "<group>";
		};
		7A391EAB1D05C8C40078B226 /* FaustAudio */ = {
			isa = PBXGroup;
			children = (
				7A391EB11D05C97E0078B226 /* img */,
				7A391EA81D05C8B30078B226 /* MultiKeyboard.h */,
				7A391EA91D05C8B30078B226 /* MultiKeyboard.mm */,
				7A8D384C1E127228006C44C3 /* PresetMenu.h */,
				7A8D384D1E127228006C44C3 /* PresetMenu.mm */,
				7A53D8941E03CC58008A4895 /* InstrumentInterface.h */,
				7A53D8951E03CC58008A4895 /* InstrumentInterface.mm */,
				7AC85B2F1E042F7E001A98AD /* ConfigDisplay.h */,
				7AC85B301E042F7E001A98AD /* ConfigDisplay.mm */,
				7A53D8971E03CFFE008A4895 /* NavBar.h */,
				7A53D8981E03CFFE008A4895 /* NavBar.mm */,
				7A391EAC1D05C8E70078B226 /* Zone.h */,
				7A391EAD1D05C8E70078B226 /* Zone.mm */,
				7A53D89A1E03D076008A4895 /* Button.h */,
				7A53D89B1E03D076008A4895 /* Button.m */,
				7A91E6CF1DAE84B60071B829 /* Smooth.h */,
			);
			name = FaustAudio;
			sourceTree = "<group>";
		};
		7A391EB11D05C97E0078B226 /* img */ = {
			isa = PBXGroup;
			children = (
				7A4E1DA11E25AFE4000DCB9C /* configDisplayBackground.jpg */,
				7A4E1DA21E25AFE4000DCB9C /* keyDownBright.png */,
				7A4E1DA31E25AFE4000DCB9C /* keyDownDark.png */,
				7A4E1DA41E25AFE4000DCB9C /* keyUpBright.png */,
				7A4E1DA51E25AFE4000DCB9C /* keyUpDark.png */,
				7A4E1DA61E25AFE4000DCB9C /* mainBackground.jpg */,
				7A4E1DA71E25AFE4000DCB9C /* navBarButtonsOff.png */,
				7A4E1DA81E25AFE4000DCB9C /* navBarButtonsOn.png */,
			);
			name = img;
			sourceTree = "<group>";
		};
		7A4E1D931E25980E000DCB9C /* Presets */ = {
			isa = PBXGroup;
			children = (
				7A4E1DB11E268D14000DCB9C /* Djembe_dsp */,
				7A4E1DB21E268D14000DCB9C /* Djembe_keyb */,
				7A4E1D941E259842000DCB9C /* Square_dsp */,
				7A4E1D951E259842000DCB9C /* Square_keyb */,
				7A4E1D961E259842000DCB9C /* String_dsp */,
				7A4E1D971E259842000DCB9C /* String_keyb */,
				7A4E1D981E259842000DCB9C /* Triangle_dsp */,
				7A4E1D991E259842000DCB9C /* Triangle_keyb */,
			);
			name = Presets;
			sourceTree = "<group>";
		};
		7A4E1DA01E25AEDD000DCB9C /* DspFaust */ = {
			isa = PBXGroup;
			children = (
				7A74AEAD1DFA3957009942C2 /* DspFaust.cpp */,
				7A74AEAE1DFA3957009942C2 /* DspFaust.h */,
			);
			name = DspFaust;
			sourceTree = "<group>";
		};
		7A91E7051DB2C4670071B829 /* Frameworks */ = {
			isa = PBXGroup;
			children = (
				7A91E7081DB2C6570071B829 /* Foundation.framework */,
				7A91E7061DB2C4670071B829 /* CoreMIDI.framework */,
			);
			name = Frameworks;
			sourceTree = "<group>";
		};
/* End PBXGroup section */

/* Begin PBXNativeTarget section */
		7A391E7B1D05C8020078B226 /* iOSKeyboard */ = {
			isa = PBXNativeTarget;
			buildConfigurationList = 7A391E9E1D05C8030078B226 /* Build configuration list for PBXNativeTarget "iOSKeyboard" */;
			buildPhases = (
				7A391E781D05C8020078B226 /* Sources */,
				7A391E791D05C8020078B226 /* Frameworks */,
				7A391E7A1D05C8020078B226 /* Resources */,
			);
			buildRules = (
			);
			dependencies = (
			);
			name = iOSKeyboard;
			productName = iOSKeyboard;
			productReference = 7A391E7C1D05C8020078B226 /* iOSKeyboard.app */;
			productType = "com.apple.product-type.application";
		};
		7A391E941D05C8030078B226 /* iOSKeyboardTests */ = {
			isa = PBXNativeTarget;
			buildConfigurationList = 7A391EA11D05C8030078B226 /* Build configuration list for PBXNativeTarget "iOSKeyboardTests" */;
			buildPhases = (
				7A391E911D05C8030078B226 /* Sources */,
				7A391E921D05C8030078B226 /* Frameworks */,
				7A391E931D05C8030078B226 /* Resources */,
			);
			buildRules = (
			);
			dependencies = (
				7A391E971D05C8030078B226 /* PBXTargetDependency */,
			);
			name = iOSKeyboardTests;
			productName = iOSKeyboardTests;
			productReference = 7A391E951D05C8030078B226 /* iOSKeyboardTests.xctest */;
			productType = "com.apple.product-type.bundle.unit-test";
		};
/* End PBXNativeTarget section */

/* Begin PBXProject section */
		7A391E741D05C8020078B226 /* Project object */ = {
			isa = PBXProject;
			attributes = {
				LastUpgradeCheck = 0800;
				ORGANIZATIONNAME = CCRMA;
				TargetAttributes = {
					7A391E7B1D05C8020078B226 = {
						CreatedOnToolsVersion = 7.3;
						DevelopmentTeam = L68B39766U;
					};
					7A391E941D05C8030078B226 = {
						CreatedOnToolsVersion = 7.3;
						TestTargetID = 7A391E7B1D05C8020078B226;
					};
				};
			};
			buildConfigurationList = 7A391E771D05C8020078B226 /* Build configuration list for PBXProject "iOSKeyboard" */;
			compatibilityVersion = "Xcode 3.2";
			developmentRegion = English;
			hasScannedForEncodings = 0;
			knownRegions = (
				en,
				Base,
			);
			mainGroup = 7A391E731D05C8020078B226;
			productRefGroup = 7A391E7D1D05C8020078B226 /* Products */;
			projectDirPath = "";
			projectRoot = "";
			targets = (
				7A391E7B1D05C8020078B226 /* iOSKeyboard */,
				7A391E941D05C8030078B226 /* iOSKeyboardTests */,
			);
		};
/* End PBXProject section */

/* Begin PBXResourcesBuildPhase section */
		7A391E7A1D05C8020078B226 /* Resources */ = {
			isa = PBXResourcesBuildPhase;
			buildActionMask = 2147483647;
			files = (
				7A4E1DAC1E25AFE4000DCB9C /* keyUpBright.png in Resources */,
				7A4E1D9A1E259842000DCB9C /* Square_dsp in Resources */,
				7A4E1DB01E25AFE4000DCB9C /* navBarButtonsOn.png in Resources */,
				7A4E1DB31E268D14000DCB9C /* Djembe_dsp in Resources */,
				7A4E1DAB1E25AFE4000DCB9C /* keyDownDark.png in Resources */,
				7A4E1DAA1E25AFE4000DCB9C /* keyDownBright.png in Resources */,
				7A4E1D9B1E259842000DCB9C /* Square_keyb in Resources */,
				7A4E1DB41E268D14000DCB9C /* Djembe_keyb in Resources */,
				7A4E1DA91E25AFE4000DCB9C /* configDisplayBackground.jpg in Resources */,
				7A4E1D9C1E259842000DCB9C /* String_dsp in Resources */,
				7A391E8F1D05C8030078B226 /* LaunchScreen.storyboard in Resources */,
				7A4E1D9D1E259842000DCB9C /* String_keyb in Resources */,
				7A4E1DAE1E25AFE4000DCB9C /* mainBackground.jpg in Resources */,
				7A4E1D9F1E259842000DCB9C /* Triangle_keyb in Resources */,
				7A4E1DAF1E25AFE4000DCB9C /* navBarButtonsOff.png in Resources */,
				7A4E1DAD1E25AFE4000DCB9C /* keyUpDark.png in Resources */,
				7A4E1D9E1E259842000DCB9C /* Triangle_dsp in Resources */,
				7A391E8C1D05C8030078B226 /* Assets.xcassets in Resources */,
				7A391E8A1D05C8030078B226 /* Main.storyboard in Resources */,
			);
			runOnlyForDeploymentPostprocessing = 0;
		};
		7A391E931D05C8030078B226 /* Resources */ = {
			isa = PBXResourcesBuildPhase;
			buildActionMask = 2147483647;
			files = (
			);
			runOnlyForDeploymentPostprocessing = 0;
		};
/* End PBXResourcesBuildPhase section */

/* Begin PBXSourcesBuildPhase section */
		7A391E781D05C8020078B226 /* Sources */ = {
			isa = PBXSourcesBuildPhase;
			buildActionMask = 2147483647;
			files = (
				7A391EAA1D05C8B30078B226 /* MultiKeyboard.mm in Sources */,
				7A391E871D05C8030078B226 /* ViewController.mm in Sources */,
				7A8D384E1E127228006C44C3 /* PresetMenu.mm in Sources */,
				7A53D8961E03CC58008A4895 /* InstrumentInterface.mm in Sources */,
				7A391E841D05C8030078B226 /* AppDelegate.mm in Sources */,
				7A391E811D05C8030078B226 /* main.m in Sources */,
				7A53D8991E03CFFE008A4895 /* NavBar.mm in Sources */,
				7A53D89C1E03D076008A4895 /* Button.m in Sources */,
				7A391EAE1D05C8E70078B226 /* Zone.mm in Sources */,
				7AC85B311E042F7E001A98AD /* ConfigDisplay.mm in Sources */,
				7A74AEAF1DFA3957009942C2 /* DspFaust.cpp in Sources */,
			);
			runOnlyForDeploymentPostprocessing = 0;
		};
		7A391E911D05C8030078B226 /* Sources */ = {
			isa = PBXSourcesBuildPhase;
			buildActionMask = 2147483647;
			files = (
				7A391E9A1D05C8030078B226 /* iOSKeyboardTests.m in Sources */,
			);
			runOnlyForDeploymentPostprocessing = 0;
		};
/* End PBXSourcesBuildPhase section */

/* Begin PBXTargetDependency section */
		7A391E971D05C8030078B226 /* PBXTargetDependency */ = {
			isa = PBXTargetDependency;
			target = 7A391E7B1D05C8020078B226 /* iOSKeyboard */;
			targetProxy = 7A391E961D05C8030078B226 /* PBXContainerItemProxy */;
		};
/* End PBXTargetDependency section */

/* Begin PBXVariantGroup section */
		7A391E881D05C8030078B226 /* Main.storyboard */ = {
			isa = PBXVariantGroup;
			children = (
				7A391E891D05C8030078B226 /* Base */,
			);
			name = Main.storyboard;
			sourceTree = "<group>";
		};
		7A391E8D1D05C8030078B226 /* LaunchScreen.storyboard */ = {
			isa = PBXVariantGroup;
			children = (
				7A391E8E1D05C8030078B226 /* Base */,
			);
			name = LaunchScreen.storyboard;
			sourceTree = "<group>";
		};
/* End PBXVariantGroup section */

/* Begin XCBuildConfiguration section */
		7A391E9C1D05C8030078B226 /* Debug */ = {
			isa = XCBuildConfiguration;
			buildSettings = {
				ALWAYS_SEARCH_USER_PATHS = NO;
				CLANG_ANALYZER_NONNULL = YES;
				CLANG_CXX_LANGUAGE_STANDARD = "gnu++0x";
				CLANG_CXX_LIBRARY = "libc++";
				CLANG_ENABLE_MODULES = YES;
				CLANG_ENABLE_OBJC_ARC = YES;
				CLANG_WARN_BOOL_CONVERSION = YES;
				CLANG_WARN_CONSTANT_CONVERSION = YES;
				CLANG_WARN_DIRECT_OBJC_ISA_USAGE = YES_ERROR;
				CLANG_WARN_EMPTY_BODY = YES;
				CLANG_WARN_ENUM_CONVERSION = YES;
				CLANG_WARN_INFINITE_RECURSION = YES;
				CLANG_WARN_INT_CONVERSION = YES;
				CLANG_WARN_OBJC_ROOT_CLASS = YES_ERROR;
				CLANG_WARN_SUSPICIOUS_MOVE = YES;
				CLANG_WARN_UNREACHABLE_CODE = YES;
				CLANG_WARN__DUPLICATE_METHOD_MATCH = YES;
				"CODE_SIGN_IDENTITY[sdk=iphoneos*]" = "iPhone Developer";
				COPY_PHASE_STRIP = NO;
				DEBUG_INFORMATION_FORMAT = dwarf;
				ENABLE_STRICT_OBJC_MSGSEND = YES;
				ENABLE_TESTABILITY = YES;
				GCC_C_LANGUAGE_STANDARD = gnu99;
				GCC_DYNAMIC_NO_PIC = NO;
				GCC_NO_COMMON_BLOCKS = YES;
				GCC_OPTIMIZATION_LEVEL = 0;
				GCC_PREPROCESSOR_DEFINITIONS = (
					"DEBUG=1",
					"$(inherited)",
				);
				GCC_WARN_64_TO_32_BIT_CONVERSION = YES;
				GCC_WARN_ABOUT_RETURN_TYPE = YES_ERROR;
				GCC_WARN_UNDECLARED_SELECTOR = YES;
				GCC_WARN_UNINITIALIZED_AUTOS = YES_AGGRESSIVE;
				GCC_WARN_UNUSED_FUNCTION = YES;
				GCC_WARN_UNUSED_VARIABLE = YES;
				IPHONEOS_DEPLOYMENT_TARGET = 10.0;
				MTL_ENABLE_DEBUG_INFO = YES;
				ONLY_ACTIVE_ARCH = YES;
				SDKROOT = iphoneos;
				TARGETED_DEVICE_FAMILY = 2;
			};
			name = Debug;
		};
		7A391E9D1D05C8030078B226 /* Release */ = {
			isa = XCBuildConfiguration;
			buildSettings = {
				ALWAYS_SEARCH_USER_PATHS = NO;
				CLANG_ANALYZER_NONNULL = YES;
				CLANG_CXX_LANGUAGE_STANDARD = "gnu++0x";
				CLANG_CXX_LIBRARY = "libc++";
				CLANG_ENABLE_MODULES = YES;
				CLANG_ENABLE_OBJC_ARC = YES;
				CLANG_WARN_BOOL_CONVERSION = YES;
				CLANG_WARN_CONSTANT_CONVERSION = YES;
				CLANG_WARN_DIRECT_OBJC_ISA_USAGE = YES_ERROR;
				CLANG_WARN_EMPTY_BODY = YES;
				CLANG_WARN_ENUM_CONVERSION = YES;
				CLANG_WARN_INFINITE_RECURSION = YES;
				CLANG_WARN_INT_CONVERSION = YES;
				CLANG_WARN_OBJC_ROOT_CLASS = YES_ERROR;
				CLANG_WARN_SUSPICIOUS_MOVE = YES;
				CLANG_WARN_UNREACHABLE_CODE = YES;
				CLANG_WARN__DUPLICATE_METHOD_MATCH = YES;
				"CODE_SIGN_IDENTITY[sdk=iphoneos*]" = "iPhone Developer";
				COPY_PHASE_STRIP = NO;
				DEBUG_INFORMATION_FORMAT = "dwarf-with-dsym";
				ENABLE_NS_ASSERTIONS = NO;
				ENABLE_STRICT_OBJC_MSGSEND = YES;
				GCC_C_LANGUAGE_STANDARD = gnu99;
				GCC_NO_COMMON_BLOCKS = YES;
				GCC_WARN_64_TO_32_BIT_CONVERSION = YES;
				GCC_WARN_ABOUT_RETURN_TYPE = YES_ERROR;
				GCC_WARN_UNDECLARED_SELECTOR = YES;
				GCC_WARN_UNINITIALIZED_AUTOS = YES_AGGRESSIVE;
				GCC_WARN_UNUSED_FUNCTION = YES;
				GCC_WARN_UNUSED_VARIABLE = YES;
				IPHONEOS_DEPLOYMENT_TARGET = 10.0;
				MTL_ENABLE_DEBUG_INFO = NO;
				SDKROOT = iphoneos;
				TARGETED_DEVICE_FAMILY = 2;
				VALIDATE_PRODUCT = YES;
			};
			name = Release;
		};
		7A391E9F1D05C8030078B226 /* Debug */ = {
			isa = XCBuildConfiguration;
			buildSettings = {
				ASSETCATALOG_COMPILER_APPICON_NAME = AppIcon;
				CODE_SIGN_IDENTITY = "iPhone Developer";
				"CODE_SIGN_IDENTITY[sdk=iphoneos*]" = "iPhone Developer";
				DEVELOPMENT_TEAM = L68B39766U;
				INFOPLIST_FILE = iOSKeyboard/Info.plist;
				IPHONEOS_DEPLOYMENT_TARGET = 10.0;
				LD_RUNPATH_SEARCH_PATHS = "$(inherited) @executable_path/Frameworks";
				PRODUCT_BUNDLE_IDENTIFIER = romain.iOSKeyboard;
				PRODUCT_NAME = "$(TARGET_NAME)";
				PROVISIONING_PROFILE = "";
				TARGETED_DEVICE_FAMILY = "1,2";
			};
			name = Debug;
		};
		7A391EA01D05C8030078B226 /* Release */ = {
			isa = XCBuildConfiguration;
			buildSettings = {
				ASSETCATALOG_COMPILER_APPICON_NAME = AppIcon;
				CODE_SIGN_IDENTITY = "iPhone Developer";
				"CODE_SIGN_IDENTITY[sdk=iphoneos*]" = "iPhone Developer";
				DEVELOPMENT_TEAM = L68B39766U;
				INFOPLIST_FILE = iOSKeyboard/Info.plist;
				IPHONEOS_DEPLOYMENT_TARGET = 10.0;
				LD_RUNPATH_SEARCH_PATHS = "$(inherited) @executable_path/Frameworks";
				PRODUCT_BUNDLE_IDENTIFIER = romain.iOSKeyboard;
				PRODUCT_NAME = "$(TARGET_NAME)";
				PROVISIONING_PROFILE = "";
				TARGETED_DEVICE_FAMILY = "1,2";
			};
			name = Release;
		};
		7A391EA21D05C8030078B226 /* Debug */ = {
			isa = XCBuildConfiguration;
			buildSettings = {
				BUNDLE_LOADER = "$(TEST_HOST)";
				INFOPLIST_FILE = iOSKeyboardTests/Info.plist;
				LD_RUNPATH_SEARCH_PATHS = "$(inherited) @executable_path/Frameworks @loader_path/Frameworks";
				PRODUCT_BUNDLE_IDENTIFIER = romain.iOSKeyboardTests;
				PRODUCT_NAME = "$(TARGET_NAME)";
				TEST_HOST = "$(BUILT_PRODUCTS_DIR)/iOSKeyboard.app/iOSKeyboard";
			};
			name = Debug;
		};
		7A391EA31D05C8030078B226 /* Release */ = {
			isa = XCBuildConfiguration;
			buildSettings = {
				BUNDLE_LOADER = "$(TEST_HOST)";
				INFOPLIST_FILE = iOSKeyboardTests/Info.plist;
				LD_RUNPATH_SEARCH_PATHS = "$(inherited) @executable_path/Frameworks @loader_path/Frameworks";
				PRODUCT_BUNDLE_IDENTIFIER = romain.iOSKeyboardTests;
				PRODUCT_NAME = "$(TARGET_NAME)";
				TEST_HOST = "$(BUILT_PRODUCTS_DIR)/iOSKeyboard.app/iOSKeyboard";
			};
			name = Release;
		};
/* End XCBuildConfiguration section */

/* Begin XCConfigurationList section */
		7A391E771D05C8020078B226 /* Build configuration list for PBXProject "iOSKeyboard" */ = {
			isa = XCConfigurationList;
			buildConfigurations = (
				7A391E9C1D05C8030078B226 /* Debug */,
				7A391E9D1D05C8030078B226 /* Release */,
			);
			defaultConfigurationIsVisible = 0;
			defaultConfigurationName = Release;
		};
		7A391E9E1D05C8030078B226 /* Build configuration list for PBXNativeTarget "iOSKeyboard" */ = {
			isa = XCConfigurationList;
			buildConfigurations = (
				7A391E9F1D05C8030078B226 /* Debug */,
				7A391EA01D05C8030078B226 /* Release */,
			);
			defaultConfigurationIsVisible = 0;
			defaultConfigurationName = Release;
		};
		7A391EA11D05C8030078B226 /* Build configuration list for PBXNativeTarget "iOSKeyboardTests" */ = {
			isa = XCConfigurationList;
			buildConfigurations = (
				7A391EA21D05C8030078B226 /* Debug */,
				7A391EA31D05C8030078B226 /* Release */,
			);
			defaultConfigurationIsVisible = 0;
			defaultConfigurationName = Release;
		};
/* End XCConfigurationList section */
	};
	rootObject = 7A391E741D05C8020078B226 /* Project object */;
}
