// !$*UTF8*$!
{
	archiveVersion = 1;
	classes = {
	};
	objectVersion = 46;
	objects = {

/* Begin PBXBuildFile section */
		7AAA9E041E44F2FB0062DF73 /* main.m in Sources */ = {isa = PBXBuildFile; fileRef = 7AAA9E031E44F2FB0062DF73 /* main.m */; };
		7AAA9E071E44F2FB0062DF73 /* AppDelegate.m in Sources */ = {isa = PBXBuildFile; fileRef = 7AAA9E061E44F2FB0062DF73 /* AppDelegate.m */; };
		7AAA9E0A1E44F2FB0062DF73 /* ViewController.mm in Sources */ = {isa = PBXBuildFile; fileRef = 7AAA9E091E44F2FB0062DF73 /* ViewController.mm */; };
		7AAA9E0D1E44F2FB0062DF73 /* Main.storyboard in Resources */ = {isa = PBXBuildFile; fileRef = 7AAA9E0B1E44F2FB0062DF73 /* Main.storyboard */; };
		7AAA9E0F1E44F2FB0062DF73 /* Assets.xcassets in Resources */ = {isa = PBXBuildFile; fileRef = 7AAA9E0E1E44F2FB0062DF73 /* Assets.xcassets */; };
		7AAA9E121E44F2FB0062DF73 /* LaunchScreen.storyboard in Resources */ = {isa = PBXBuildFile; fileRef = 7AAA9E101E44F2FB0062DF73 /* LaunchScreen.storyboard */; };
		7AAA9E2B1E44F3370062DF73 /* configDisplayBackground.jpg in Resources */ = {isa = PBXBuildFile; fileRef = 7AAA9E1A1E44F3370062DF73 /* configDisplayBackground.jpg */; };
		7AAA9E2C1E44F3370062DF73 /* keyDownBright.png in Resources */ = {isa = PBXBuildFile; fileRef = 7AAA9E1B1E44F3370062DF73 /* keyDownBright.png */; };
		7AAA9E2D1E44F3370062DF73 /* keyDownDark.png in Resources */ = {isa = PBXBuildFile; fileRef = 7AAA9E1C1E44F3370062DF73 /* keyDownDark.png */; };
		7AAA9E2E1E44F3370062DF73 /* keyUpBright.png in Resources */ = {isa = PBXBuildFile; fileRef = 7AAA9E1D1E44F3370062DF73 /* keyUpBright.png */; };
		7AAA9E2F1E44F3370062DF73 /* keyUpDark.png in Resources */ = {isa = PBXBuildFile; fileRef = 7AAA9E1E1E44F3370062DF73 /* keyUpDark.png */; };
		7AAA9E301E44F3370062DF73 /* mainBackground.jpg in Resources */ = {isa = PBXBuildFile; fileRef = 7AAA9E1F1E44F3370062DF73 /* mainBackground.jpg */; };
		7AAA9E311E44F3370062DF73 /* navBarButtonsOff.png in Resources */ = {isa = PBXBuildFile; fileRef = 7AAA9E201E44F3370062DF73 /* navBarButtonsOff.png */; };
		7AAA9E321E44F3370062DF73 /* navBarButtonsOn.png in Resources */ = {isa = PBXBuildFile; fileRef = 7AAA9E211E44F3370062DF73 /* navBarButtonsOn.png */; };
		7AAA9E331E44F3370062DF73 /* Djembe_dsp in Resources */ = {isa = PBXBuildFile; fileRef = 7AAA9E231E44F3370062DF73 /* Djembe_dsp */; };
		7AAA9E341E44F3370062DF73 /* Djembe_keyb in Resources */ = {isa = PBXBuildFile; fileRef = 7AAA9E241E44F3370062DF73 /* Djembe_keyb */; };
		7AAA9E351E44F3370062DF73 /* Square_dsp in Resources */ = {isa = PBXBuildFile; fileRef = 7AAA9E251E44F3370062DF73 /* Square_dsp */; };
		7AAA9E361E44F3370062DF73 /* Square_keyb in Resources */ = {isa = PBXBuildFile; fileRef = 7AAA9E261E44F3370062DF73 /* Square_keyb */; };
		7AAA9E371E44F3370062DF73 /* String_dsp in Resources */ = {isa = PBXBuildFile; fileRef = 7AAA9E271E44F3370062DF73 /* String_dsp */; };
		7AAA9E381E44F3370062DF73 /* String_keyb in Resources */ = {isa = PBXBuildFile; fileRef = 7AAA9E281E44F3370062DF73 /* String_keyb */; };
		7AAA9E391E44F3370062DF73 /* Triangle_dsp in Resources */ = {isa = PBXBuildFile; fileRef = 7AAA9E291E44F3370062DF73 /* Triangle_dsp */; };
		7AAA9E3A1E44F3370062DF73 /* Triangle_keyb in Resources */ = {isa = PBXBuildFile; fileRef = 7AAA9E2A1E44F3370062DF73 /* Triangle_keyb */; };
		7AAA9E441E44F3440062DF73 /* Djembe_dsp in Resources */ = {isa = PBXBuildFile; fileRef = 7AAA9E3C1E44F3440062DF73 /* Djembe_dsp */; };
		7AAA9E451E44F3440062DF73 /* Djembe_keyb in Resources */ = {isa = PBXBuildFile; fileRef = 7AAA9E3D1E44F3440062DF73 /* Djembe_keyb */; };
		7AAA9E461E44F3440062DF73 /* Square_dsp in Resources */ = {isa = PBXBuildFile; fileRef = 7AAA9E3E1E44F3440062DF73 /* Square_dsp */; };
		7AAA9E471E44F3440062DF73 /* Square_keyb in Resources */ = {isa = PBXBuildFile; fileRef = 7AAA9E3F1E44F3440062DF73 /* Square_keyb */; };
		7AAA9E481E44F3440062DF73 /* String_dsp in Resources */ = {isa = PBXBuildFile; fileRef = 7AAA9E401E44F3440062DF73 /* String_dsp */; };
		7AAA9E491E44F3450062DF73 /* String_keyb in Resources */ = {isa = PBXBuildFile; fileRef = 7AAA9E411E44F3440062DF73 /* String_keyb */; };
		7AAA9E4A1E44F3450062DF73 /* Triangle_dsp in Resources */ = {isa = PBXBuildFile; fileRef = 7AAA9E421E44F3440062DF73 /* Triangle_dsp */; };
		7AAA9E4B1E44F3450062DF73 /* Triangle_keyb in Resources */ = {isa = PBXBuildFile; fileRef = 7AAA9E431E44F3440062DF73 /* Triangle_keyb */; };
		7AAA9E5D1E44F3670062DF73 /* Button.m in Sources */ = {isa = PBXBuildFile; fileRef = 7AAA9E4D1E44F3670062DF73 /* Button.m */; };
		7AAA9E5E1E44F3670062DF73 /* ConfigDisplay.mm in Sources */ = {isa = PBXBuildFile; fileRef = 7AAA9E4F1E44F3670062DF73 /* ConfigDisplay.mm */; };
		7AAA9E5F1E44F3670062DF73 /* DspFaust.cpp in Sources */ = {isa = PBXBuildFile; fileRef = 7AAA9E501E44F3670062DF73 /* DspFaust.cpp */; };
		7AAA9E601E44F3670062DF73 /* InstrumentInterface.mm in Sources */ = {isa = PBXBuildFile; fileRef = 7AAA9E531E44F3670062DF73 /* InstrumentInterface.mm */; };
		7AAA9E611E44F3670062DF73 /* MultiKeyboard.mm in Sources */ = {isa = PBXBuildFile; fileRef = 7AAA9E551E44F3670062DF73 /* MultiKeyboard.mm */; };
		7AAA9E621E44F3670062DF73 /* NavBar.mm in Sources */ = {isa = PBXBuildFile; fileRef = 7AAA9E571E44F3670062DF73 /* NavBar.mm */; };
		7AAA9E631E44F3670062DF73 /* PresetMenu.mm in Sources */ = {isa = PBXBuildFile; fileRef = 7AAA9E591E44F3670062DF73 /* PresetMenu.mm */; };
		7AAA9E641E44F3670062DF73 /* Zone.mm in Sources */ = {isa = PBXBuildFile; fileRef = 7AAA9E5C1E44F3670062DF73 /* Zone.mm */; };
		7AAA9E671E44F3B90062DF73 /* CoreMotion.framework in Frameworks */ = {isa = PBXBuildFile; fileRef = 7AAA9E661E44F3B90062DF73 /* CoreMotion.framework */; };
		7AAA9E691E44F3C00062DF73 /* CoreMIDI.framework in Frameworks */ = {isa = PBXBuildFile; fileRef = 7AAA9E681E44F3C00062DF73 /* CoreMIDI.framework */; };
		7AAA9E6B1E44F3C80062DF73 /* AudioToolbox.framework in Frameworks */ = {isa = PBXBuildFile; fileRef = 7AAA9E6A1E44F3C80062DF73 /* AudioToolbox.framework */; };
		7AAA9E6D1E44F3CF0062DF73 /* Foundation.framework in Frameworks */ = {isa = PBXBuildFile; fileRef = 7AAA9E6C1E44F3CF0062DF73 /* Foundation.framework */; };
/* End PBXBuildFile section */

/* Begin PBXFileReference section */
		7AAA9DFF1E44F2FB0062DF73 /* Faust.app */ = {isa = PBXFileReference; explicitFileType = wrapper.application; includeInIndex = 0; path = Faust.app; sourceTree = BUILT_PRODUCTS_DIR; };
		7AAA9E031E44F2FB0062DF73 /* main.m */ = {isa = PBXFileReference; lastKnownFileType = sourcecode.c.objc; path = main.m; sourceTree = "<group>"; };
		7AAA9E051E44F2FB0062DF73 /* AppDelegate.h */ = {isa = PBXFileReference; lastKnownFileType = sourcecode.c.h; path = AppDelegate.h; sourceTree = "<group>"; };
		7AAA9E061E44F2FB0062DF73 /* AppDelegate.m */ = {isa = PBXFileReference; lastKnownFileType = sourcecode.c.objc; path = AppDelegate.m; sourceTree = "<group>"; };
		7AAA9E081E44F2FB0062DF73 /* ViewController.h */ = {isa = PBXFileReference; lastKnownFileType = sourcecode.c.h; path = ViewController.h; sourceTree = "<group>"; };
		7AAA9E091E44F2FB0062DF73 /* ViewController.mm */ = {isa = PBXFileReference; lastKnownFileType = sourcecode.cpp.objcpp; path = ViewController.mm; sourceTree = "<group>"; };
		7AAA9E0C1E44F2FB0062DF73 /* Base */ = {isa = PBXFileReference; lastKnownFileType = file.storyboard; name = Base; path = Base.lproj/Main.storyboard; sourceTree = "<group>"; };
		7AAA9E0E1E44F2FB0062DF73 /* Assets.xcassets */ = {isa = PBXFileReference; lastKnownFileType = folder.assetcatalog; path = Assets.xcassets; sourceTree = "<group>"; };
		7AAA9E111E44F2FB0062DF73 /* Base */ = {isa = PBXFileReference; lastKnownFileType = file.storyboard; name = Base; path = Base.lproj/LaunchScreen.storyboard; sourceTree = "<group>"; };
		7AAA9E131E44F2FB0062DF73 /* Info.plist */ = {isa = PBXFileReference; lastKnownFileType = text.plist.xml; path = Info.plist; sourceTree = "<group>"; };
		7AAA9E1A1E44F3370062DF73 /* configDisplayBackground.jpg */ = {isa = PBXFileReference; lastKnownFileType = image.jpeg; path = configDisplayBackground.jpg; sourceTree = "<group>"; };
		7AAA9E1B1E44F3370062DF73 /* keyDownBright.png */ = {isa = PBXFileReference; lastKnownFileType = image.png; path = keyDownBright.png; sourceTree = "<group>"; };
		7AAA9E1C1E44F3370062DF73 /* keyDownDark.png */ = {isa = PBXFileReference; lastKnownFileType = image.png; path = keyDownDark.png; sourceTree = "<group>"; };
		7AAA9E1D1E44F3370062DF73 /* keyUpBright.png */ = {isa = PBXFileReference; lastKnownFileType = image.png; path = keyUpBright.png; sourceTree = "<group>"; };
		7AAA9E1E1E44F3370062DF73 /* keyUpDark.png */ = {isa = PBXFileReference; lastKnownFileType = image.png; path = keyUpDark.png; sourceTree = "<group>"; };
		7AAA9E1F1E44F3370062DF73 /* mainBackground.jpg */ = {isa = PBXFileReference; lastKnownFileType = image.jpeg; path = mainBackground.jpg; sourceTree = "<group>"; };
		7AAA9E201E44F3370062DF73 /* navBarButtonsOff.png */ = {isa = PBXFileReference; lastKnownFileType = image.png; path = navBarButtonsOff.png; sourceTree = "<group>"; };
		7AAA9E211E44F3370062DF73 /* navBarButtonsOn.png */ = {isa = PBXFileReference; lastKnownFileType = image.png; path = navBarButtonsOn.png; sourceTree = "<group>"; };
		7AAA9E231E44F3370062DF73 /* Djembe_dsp */ = {isa = PBXFileReference; fileEncoding = 4; lastKnownFileType = text.xml; path = Djembe_dsp; sourceTree = "<group>"; };
		7AAA9E241E44F3370062DF73 /* Djembe_keyb */ = {isa = PBXFileReference; fileEncoding = 4; lastKnownFileType = text.xml; path = Djembe_keyb; sourceTree = "<group>"; };
		7AAA9E251E44F3370062DF73 /* Square_dsp */ = {isa = PBXFileReference; fileEncoding = 4; lastKnownFileType = text.xml; path = Square_dsp; sourceTree = "<group>"; };
		7AAA9E261E44F3370062DF73 /* Square_keyb */ = {isa = PBXFileReference; fileEncoding = 4; lastKnownFileType = text.xml; path = Square_keyb; sourceTree = "<group>"; };
		7AAA9E271E44F3370062DF73 /* String_dsp */ = {isa = PBXFileReference; fileEncoding = 4; lastKnownFileType = text.xml; path = String_dsp; sourceTree = "<group>"; };
		7AAA9E281E44F3370062DF73 /* String_keyb */ = {isa = PBXFileReference; fileEncoding = 4; lastKnownFileType = text.xml; path = String_keyb; sourceTree = "<group>"; };
		7AAA9E291E44F3370062DF73 /* Triangle_dsp */ = {isa = PBXFileReference; fileEncoding = 4; lastKnownFileType = text.xml; path = Triangle_dsp; sourceTree = "<group>"; };
		7AAA9E2A1E44F3370062DF73 /* Triangle_keyb */ = {isa = PBXFileReference; fileEncoding = 4; lastKnownFileType = text.xml; path = Triangle_keyb; sourceTree = "<group>"; };
		7AAA9E3C1E44F3440062DF73 /* Djembe_dsp */ = {isa = PBXFileReference; fileEncoding = 4; lastKnownFileType = text.xml; path = Djembe_dsp; sourceTree = "<group>"; };
		7AAA9E3D1E44F3440062DF73 /* Djembe_keyb */ = {isa = PBXFileReference; fileEncoding = 4; lastKnownFileType = text.xml; path = Djembe_keyb; sourceTree = "<group>"; };
		7AAA9E3E1E44F3440062DF73 /* Square_dsp */ = {isa = PBXFileReference; fileEncoding = 4; lastKnownFileType = text.xml; path = Square_dsp; sourceTree = "<group>"; };
		7AAA9E3F1E44F3440062DF73 /* Square_keyb */ = {isa = PBXFileReference; fileEncoding = 4; lastKnownFileType = text.xml; path = Square_keyb; sourceTree = "<group>"; };
		7AAA9E401E44F3440062DF73 /* String_dsp */ = {isa = PBXFileReference; fileEncoding = 4; lastKnownFileType = text.xml; path = String_dsp; sourceTree = "<group>"; };
		7AAA9E411E44F3440062DF73 /* String_keyb */ = {isa = PBXFileReference; fileEncoding = 4; lastKnownFileType = text.xml; path = String_keyb; sourceTree = "<group>"; };
		7AAA9E421E44F3440062DF73 /* Triangle_dsp */ = {isa = PBXFileReference; fileEncoding = 4; lastKnownFileType = text.xml; path = Triangle_dsp; sourceTree = "<group>"; };
		7AAA9E431E44F3440062DF73 /* Triangle_keyb */ = {isa = PBXFileReference; fileEncoding = 4; lastKnownFileType = text.xml; path = Triangle_keyb; sourceTree = "<group>"; };
		7AAA9E4C1E44F3670062DF73 /* Button.h */ = {isa = PBXFileReference; fileEncoding = 4; lastKnownFileType = sourcecode.c.h; path = Button.h; sourceTree = "<group>"; };
		7AAA9E4D1E44F3670062DF73 /* Button.m */ = {isa = PBXFileReference; fileEncoding = 4; lastKnownFileType = sourcecode.c.objc; path = Button.m; sourceTree = "<group>"; };
		7AAA9E4E1E44F3670062DF73 /* ConfigDisplay.h */ = {isa = PBXFileReference; fileEncoding = 4; lastKnownFileType = sourcecode.c.h; path = ConfigDisplay.h; sourceTree = "<group>"; };
		7AAA9E4F1E44F3670062DF73 /* ConfigDisplay.mm */ = {isa = PBXFileReference; fileEncoding = 4; lastKnownFileType = sourcecode.cpp.objcpp; path = ConfigDisplay.mm; sourceTree = "<group>"; };
		7AAA9E501E44F3670062DF73 /* DspFaust.cpp */ = {isa = PBXFileReference; fileEncoding = 4; lastKnownFileType = sourcecode.cpp.cpp; path = DspFaust.cpp; sourceTree = "<group>"; };
		7AAA9E511E44F3670062DF73 /* DspFaust.h */ = {isa = PBXFileReference; fileEncoding = 4; lastKnownFileType = sourcecode.c.h; path = DspFaust.h; sourceTree = "<group>"; };
		7AAA9E521E44F3670062DF73 /* InstrumentInterface.h */ = {isa = PBXFileReference; fileEncoding = 4; lastKnownFileType = sourcecode.c.h; path = InstrumentInterface.h; sourceTree = "<group>"; };
		7AAA9E531E44F3670062DF73 /* InstrumentInterface.mm */ = {isa = PBXFileReference; fileEncoding = 4; lastKnownFileType = sourcecode.cpp.objcpp; path = InstrumentInterface.mm; sourceTree = "<group>"; };
		7AAA9E541E44F3670062DF73 /* MultiKeyboard.h */ = {isa = PBXFileReference; fileEncoding = 4; lastKnownFileType = sourcecode.c.h; path = MultiKeyboard.h; sourceTree = "<group>"; };
		7AAA9E551E44F3670062DF73 /* MultiKeyboard.mm */ = {isa = PBXFileReference; fileEncoding = 4; lastKnownFileType = sourcecode.cpp.objcpp; path = MultiKeyboard.mm; sourceTree = "<group>"; };
		7AAA9E561E44F3670062DF73 /* NavBar.h */ = {isa = PBXFileReference; fileEncoding = 4; lastKnownFileType = sourcecode.c.h; path = NavBar.h; sourceTree = "<group>"; };
		7AAA9E571E44F3670062DF73 /* NavBar.mm */ = {isa = PBXFileReference; fileEncoding = 4; lastKnownFileType = sourcecode.cpp.objcpp; path = NavBar.mm; sourceTree = "<group>"; };
		7AAA9E581E44F3670062DF73 /* PresetMenu.h */ = {isa = PBXFileReference; fileEncoding = 4; lastKnownFileType = sourcecode.c.h; path = PresetMenu.h; sourceTree = "<group>"; };
		7AAA9E591E44F3670062DF73 /* PresetMenu.mm */ = {isa = PBXFileReference; fileEncoding = 4; lastKnownFileType = sourcecode.cpp.objcpp; path = PresetMenu.mm; sourceTree = "<group>"; };
		7AAA9E5A1E44F3670062DF73 /* Smooth.h */ = {isa = PBXFileReference; fileEncoding = 4; lastKnownFileType = sourcecode.c.h; path = Smooth.h; sourceTree = "<group>"; };
		7AAA9E5B1E44F3670062DF73 /* Zone.h */ = {isa = PBXFileReference; fileEncoding = 4; lastKnownFileType = sourcecode.c.h; path = Zone.h; sourceTree = "<group>"; };
		7AAA9E5C1E44F3670062DF73 /* Zone.mm */ = {isa = PBXFileReference; fileEncoding = 4; lastKnownFileType = sourcecode.cpp.objcpp; path = Zone.mm; sourceTree = "<group>"; };
		7AAA9E661E44F3B90062DF73 /* CoreMotion.framework */ = {isa = PBXFileReference; lastKnownFileType = wrapper.framework; name = CoreMotion.framework; path = System/Library/Frameworks/CoreMotion.framework; sourceTree = SDKROOT; };
		7AAA9E681E44F3C00062DF73 /* CoreMIDI.framework */ = {isa = PBXFileReference; lastKnownFileType = wrapper.framework; name = CoreMIDI.framework; path = System/Library/Frameworks/CoreMIDI.framework; sourceTree = SDKROOT; };
		7AAA9E6A1E44F3C80062DF73 /* AudioToolbox.framework */ = {isa = PBXFileReference; lastKnownFileType = wrapper.framework; name = AudioToolbox.framework; path = System/Library/Frameworks/AudioToolbox.framework; sourceTree = SDKROOT; };
		7AAA9E6C1E44F3CF0062DF73 /* Foundation.framework */ = {isa = PBXFileReference; lastKnownFileType = wrapper.framework; name = Foundation.framework; path = System/Library/Frameworks/Foundation.framework; sourceTree = SDKROOT; };
/* End PBXFileReference section */

/* Begin PBXFrameworksBuildPhase section */
		7AAA9DFC1E44F2FB0062DF73 /* Frameworks */ = {
			isa = PBXFrameworksBuildPhase;
			buildActionMask = 2147483647;
			files = (
				7AAA9E6D1E44F3CF0062DF73 /* Foundation.framework in Frameworks */,
				7AAA9E6B1E44F3C80062DF73 /* AudioToolbox.framework in Frameworks */,
				7AAA9E691E44F3C00062DF73 /* CoreMIDI.framework in Frameworks */,
				7AAA9E671E44F3B90062DF73 /* CoreMotion.framework in Frameworks */,
			);
			runOnlyForDeploymentPostprocessing = 0;
		};
/* End PBXFrameworksBuildPhase section */

/* Begin PBXGroup section */
		7AAA9DF61E44F2FB0062DF73 = {
			isa = PBXGroup;
			children = (
				7AAA9E011E44F2FB0062DF73 /* Faust */,
				7AAA9E001E44F2FB0062DF73 /* Products */,
				7AAA9E651E44F3B90062DF73 /* Frameworks */,
			);
			sourceTree = "<group>";
		};
		7AAA9E001E44F2FB0062DF73 /* Products */ = {
			isa = PBXGroup;
			children = (
				7AAA9DFF1E44F2FB0062DF73 /* Faust.app */,
			);
			name = Products;
			sourceTree = "<group>";
		};
		7AAA9E011E44F2FB0062DF73 /* Faust */ = {
			isa = PBXGroup;
			children = (
				7AAA9E051E44F2FB0062DF73 /* AppDelegate.h */,
				7AAA9E061E44F2FB0062DF73 /* AppDelegate.m */,
				7AAA9E081E44F2FB0062DF73 /* ViewController.h */,
				7AAA9E091E44F2FB0062DF73 /* ViewController.mm */,
				7AAA9E4C1E44F3670062DF73 /* Button.h */,
				7AAA9E4D1E44F3670062DF73 /* Button.m */,
				7AAA9E4E1E44F3670062DF73 /* ConfigDisplay.h */,
				7AAA9E4F1E44F3670062DF73 /* ConfigDisplay.mm */,
				7AAA9E501E44F3670062DF73 /* DspFaust.cpp */,
				7AAA9E511E44F3670062DF73 /* DspFaust.h */,
				7AAA9E521E44F3670062DF73 /* InstrumentInterface.h */,
				7AAA9E531E44F3670062DF73 /* InstrumentInterface.mm */,
				7AAA9E541E44F3670062DF73 /* MultiKeyboard.h */,
				7AAA9E551E44F3670062DF73 /* MultiKeyboard.mm */,
				7AAA9E561E44F3670062DF73 /* NavBar.h */,
				7AAA9E571E44F3670062DF73 /* NavBar.mm */,
				7AAA9E581E44F3670062DF73 /* PresetMenu.h */,
				7AAA9E591E44F3670062DF73 /* PresetMenu.mm */,
				7AAA9E5A1E44F3670062DF73 /* Smooth.h */,
				7AAA9E5B1E44F3670062DF73 /* Zone.h */,
				7AAA9E5C1E44F3670062DF73 /* Zone.mm */,
				7AAA9E3B1E44F3440062DF73 /* presets */,
				7AAA9E191E44F3370062DF73 /* img */,
				7AAA9E0B1E44F2FB0062DF73 /* Main.storyboard */,
				7AAA9E0E1E44F2FB0062DF73 /* Assets.xcassets */,
				7AAA9E101E44F2FB0062DF73 /* LaunchScreen.storyboard */,
				7AAA9E131E44F2FB0062DF73 /* Info.plist */,
				7AAA9E021E44F2FB0062DF73 /* Supporting Files */,
			);
			path = Faust;
			sourceTree = "<group>";
		};
		7AAA9E021E44F2FB0062DF73 /* Supporting Files */ = {
			isa = PBXGroup;
			children = (
				7AAA9E031E44F2FB0062DF73 /* main.m */,
			);
			name = "Supporting Files";
			sourceTree = "<group>";
		};
		7AAA9E191E44F3370062DF73 /* img */ = {
			isa = PBXGroup;
			children = (
				7AAA9E1A1E44F3370062DF73 /* configDisplayBackground.jpg */,
				7AAA9E1B1E44F3370062DF73 /* keyDownBright.png */,
				7AAA9E1C1E44F3370062DF73 /* keyDownDark.png */,
				7AAA9E1D1E44F3370062DF73 /* keyUpBright.png */,
				7AAA9E1E1E44F3370062DF73 /* keyUpDark.png */,
				7AAA9E1F1E44F3370062DF73 /* mainBackground.jpg */,
				7AAA9E201E44F3370062DF73 /* navBarButtonsOff.png */,
				7AAA9E211E44F3370062DF73 /* navBarButtonsOn.png */,
				7AAA9E221E44F3370062DF73 /* presets */,
			);
			path = img;
			sourceTree = "<group>";
		};
		7AAA9E221E44F3370062DF73 /* presets */ = {
			isa = PBXGroup;
			children = (
				7AAA9E231E44F3370062DF73 /* Djembe_dsp */,
				7AAA9E241E44F3370062DF73 /* Djembe_keyb */,
				7AAA9E251E44F3370062DF73 /* Square_dsp */,
				7AAA9E261E44F3370062DF73 /* Square_keyb */,
				7AAA9E271E44F3370062DF73 /* String_dsp */,
				7AAA9E281E44F3370062DF73 /* String_keyb */,
				7AAA9E291E44F3370062DF73 /* Triangle_dsp */,
				7AAA9E2A1E44F3370062DF73 /* Triangle_keyb */,
			);
			path = presets;
			sourceTree = "<group>";
		};
		7AAA9E3B1E44F3440062DF73 /* presets */ = {
			isa = PBXGroup;
			children = (
				7AAA9E3C1E44F3440062DF73 /* Djembe_dsp */,
				7AAA9E3D1E44F3440062DF73 /* Djembe_keyb */,
				7AAA9E3E1E44F3440062DF73 /* Square_dsp */,
				7AAA9E3F1E44F3440062DF73 /* Square_keyb */,
				7AAA9E401E44F3440062DF73 /* String_dsp */,
				7AAA9E411E44F3440062DF73 /* String_keyb */,
				7AAA9E421E44F3440062DF73 /* Triangle_dsp */,
				7AAA9E431E44F3440062DF73 /* Triangle_keyb */,
			);
			path = presets;
			sourceTree = "<group>";
		};
		7AAA9E651E44F3B90062DF73 /* Frameworks */ = {
			isa = PBXGroup;
			children = (
				7AAA9E6C1E44F3CF0062DF73 /* Foundation.framework */,
				7AAA9E6A1E44F3C80062DF73 /* AudioToolbox.framework */,
				7AAA9E681E44F3C00062DF73 /* CoreMIDI.framework */,
				7AAA9E661E44F3B90062DF73 /* CoreMotion.framework */,
			);
			name = Frameworks;
			sourceTree = "<group>";
		};
/* End PBXGroup section */

/* Begin PBXNativeTarget section */
		7AAA9DFE1E44F2FB0062DF73 /* Faust */ = {
			isa = PBXNativeTarget;
			buildConfigurationList = 7AAA9E161E44F2FB0062DF73 /* Build configuration list for PBXNativeTarget "Faust" */;
			buildPhases = (
				7AAA9DFB1E44F2FB0062DF73 /* Sources */,
				7AAA9DFC1E44F2FB0062DF73 /* Frameworks */,
				7AAA9DFD1E44F2FB0062DF73 /* Resources */,
			);
			buildRules = (
			);
			dependencies = (
			);
			name = Faust;
			productName = Faust;
			productReference = 7AAA9DFF1E44F2FB0062DF73 /* Faust.app */;
			productType = "com.apple.product-type.application";
		};
/* End PBXNativeTarget section */

/* Begin PBXProject section */
		7AAA9DF71E44F2FB0062DF73 /* Project object */ = {
			isa = PBXProject;
			attributes = {
				LastUpgradeCheck = 0820;
				ORGANIZATIONNAME = CCRMA;
				TargetAttributes = {
					7AAA9DFE1E44F2FB0062DF73 = {
						CreatedOnToolsVersion = 8.2.1;
						DevelopmentTeam = L68B39766U;
						ProvisioningStyle = Automatic;
					};
				};
			};
			buildConfigurationList = 7AAA9DFA1E44F2FB0062DF73 /* Build configuration list for PBXProject "Faust" */;
			compatibilityVersion = "Xcode 3.2";
			developmentRegion = English;
			hasScannedForEncodings = 0;
			knownRegions = (
				en,
				Base,
			);
			mainGroup = 7AAA9DF61E44F2FB0062DF73;
			productRefGroup = 7AAA9E001E44F2FB0062DF73 /* Products */;
			projectDirPath = "";
			projectRoot = "";
			targets = (
				7AAA9DFE1E44F2FB0062DF73 /* Faust */,
			);
		};
/* End PBXProject section */

/* Begin PBXResourcesBuildPhase section */
		7AAA9DFD1E44F2FB0062DF73 /* Resources */ = {
			isa = PBXResourcesBuildPhase;
			buildActionMask = 2147483647;
			files = (
				7AAA9E491E44F3450062DF73 /* String_keyb in Resources */,
				7AAA9E321E44F3370062DF73 /* navBarButtonsOn.png in Resources */,
				7AAA9E301E44F3370062DF73 /* mainBackground.jpg in Resources */,
				7AAA9E4B1E44F3450062DF73 /* Triangle_keyb in Resources */,
				7AAA9E2F1E44F3370062DF73 /* keyUpDark.png in Resources */,
				7AAA9E341E44F3370062DF73 /* Djembe_keyb in Resources */,
				7AAA9E471E44F3440062DF73 /* Square_keyb in Resources */,
				7AAA9E331E44F3370062DF73 /* Djembe_dsp in Resources */,
				7AAA9E361E44F3370062DF73 /* Square_keyb in Resources */,
				7AAA9E481E44F3440062DF73 /* String_dsp in Resources */,
				7AAA9E351E44F3370062DF73 /* Square_dsp in Resources */,
				7AAA9E4A1E44F3450062DF73 /* Triangle_dsp in Resources */,
				7AAA9E3A1E44F3370062DF73 /* Triangle_keyb in Resources */,
				7AAA9E371E44F3370062DF73 /* String_dsp in Resources */,
				7AAA9E2C1E44F3370062DF73 /* keyDownBright.png in Resources */,
				7AAA9E2D1E44F3370062DF73 /* keyDownDark.png in Resources */,
				7AAA9E121E44F2FB0062DF73 /* LaunchScreen.storyboard in Resources */,
				7AAA9E0F1E44F2FB0062DF73 /* Assets.xcassets in Resources */,
				7AAA9E2B1E44F3370062DF73 /* configDisplayBackground.jpg in Resources */,
				7AAA9E381E44F3370062DF73 /* String_keyb in Resources */,
				7AAA9E441E44F3440062DF73 /* Djembe_dsp in Resources */,
				7AAA9E451E44F3440062DF73 /* Djembe_keyb in Resources */,
				7AAA9E461E44F3440062DF73 /* Square_dsp in Resources */,
				7AAA9E311E44F3370062DF73 /* navBarButtonsOff.png in Resources */,
				7AAA9E2E1E44F3370062DF73 /* keyUpBright.png in Resources */,
				7AAA9E391E44F3370062DF73 /* Triangle_dsp in Resources */,
				7AAA9E0D1E44F2FB0062DF73 /* Main.storyboard in Resources */,
			);
			runOnlyForDeploymentPostprocessing = 0;
		};
/* End PBXResourcesBuildPhase section */

/* Begin PBXSourcesBuildPhase section */
		7AAA9DFB1E44F2FB0062DF73 /* Sources */ = {
			isa = PBXSourcesBuildPhase;
			buildActionMask = 2147483647;
			files = (
				7AAA9E0A1E44F2FB0062DF73 /* ViewController.mm in Sources */,
				7AAA9E071E44F2FB0062DF73 /* AppDelegate.m in Sources */,
				7AAA9E5E1E44F3670062DF73 /* ConfigDisplay.mm in Sources */,
				7AAA9E631E44F3670062DF73 /* PresetMenu.mm in Sources */,
				7AAA9E041E44F2FB0062DF73 /* main.m in Sources */,
				7AAA9E641E44F3670062DF73 /* Zone.mm in Sources */,
				7AAA9E611E44F3670062DF73 /* MultiKeyboard.mm in Sources */,
				7AAA9E621E44F3670062DF73 /* NavBar.mm in Sources */,
				7AAA9E5D1E44F3670062DF73 /* Button.m in Sources */,
				7AAA9E5F1E44F3670062DF73 /* DspFaust.cpp in Sources */,
				7AAA9E601E44F3670062DF73 /* InstrumentInterface.mm in Sources */,
			);
			runOnlyForDeploymentPostprocessing = 0;
		};
/* End PBXSourcesBuildPhase section */

/* Begin PBXVariantGroup section */
		7AAA9E0B1E44F2FB0062DF73 /* Main.storyboard */ = {
			isa = PBXVariantGroup;
			children = (
				7AAA9E0C1E44F2FB0062DF73 /* Base */,
			);
			name = Main.storyboard;
			sourceTree = "<group>";
		};
		7AAA9E101E44F2FB0062DF73 /* LaunchScreen.storyboard */ = {
			isa = PBXVariantGroup;
			children = (
				7AAA9E111E44F2FB0062DF73 /* Base */,
			);
			name = LaunchScreen.storyboard;
			sourceTree = "<group>";
		};
/* End PBXVariantGroup section */

/* Begin XCBuildConfiguration section */
		7AAA9E141E44F2FB0062DF73 /* Debug */ = {
			isa = XCBuildConfiguration;
			buildSettings = {
				ALWAYS_SEARCH_USER_PATHS = NO;
				CLANG_ANALYZER_NONNULL = YES;
				CLANG_CXX_LANGUAGE_STANDARD = "gnu++0x";
				CLANG_CXX_LIBRARY = "libc++";
				CLANG_ENABLE_MODULES = YES;
				CLANG_ENABLE_OBJC_ARC = YES;
				CLANG_WARN_BOOL_CONVERSION = YES;
				CLANG_WARN_CONSTANT_CONVERSION = YES;
				CLANG_WARN_DIRECT_OBJC_ISA_USAGE = YES_ERROR;
				CLANG_WARN_DOCUMENTATION_COMMENTS = YES;
				CLANG_WARN_EMPTY_BODY = YES;
				CLANG_WARN_ENUM_CONVERSION = YES;
				CLANG_WARN_INFINITE_RECURSION = YES;
				CLANG_WARN_INT_CONVERSION = YES;
				CLANG_WARN_OBJC_ROOT_CLASS = YES_ERROR;
				CLANG_WARN_SUSPICIOUS_MOVE = YES;
				CLANG_WARN_UNREACHABLE_CODE = YES;
				CLANG_WARN__DUPLICATE_METHOD_MATCH = YES;
				"CODE_SIGN_IDENTITY[sdk=iphoneos*]" = "iPhone Developer";
				COPY_PHASE_STRIP = NO;
				DEBUG_INFORMATION_FORMAT = dwarf;
				ENABLE_STRICT_OBJC_MSGSEND = YES;
				ENABLE_TESTABILITY = YES;
				GCC_C_LANGUAGE_STANDARD = gnu99;
				GCC_DYNAMIC_NO_PIC = NO;
				GCC_NO_COMMON_BLOCKS = YES;
				GCC_OPTIMIZATION_LEVEL = 0;
				GCC_PREPROCESSOR_DEFINITIONS = (
					"DEBUG=1",
					"$(inherited)",
				);
				GCC_WARN_64_TO_32_BIT_CONVERSION = YES;
				GCC_WARN_ABOUT_RETURN_TYPE = YES_ERROR;
				GCC_WARN_UNDECLARED_SELECTOR = YES;
				GCC_WARN_UNINITIALIZED_AUTOS = YES_AGGRESSIVE;
				GCC_WARN_UNUSED_FUNCTION = YES;
				GCC_WARN_UNUSED_VARIABLE = YES;
				IPHONEOS_DEPLOYMENT_TARGET = 10.2;
				MTL_ENABLE_DEBUG_INFO = YES;
				ONLY_ACTIVE_ARCH = YES;
				SDKROOT = iphoneos;
				TARGETED_DEVICE_FAMILY = "1,2";
			};
			name = Debug;
		};
		7AAA9E151E44F2FB0062DF73 /* Release */ = {
			isa = XCBuildConfiguration;
			buildSettings = {
				ALWAYS_SEARCH_USER_PATHS = NO;
				CLANG_ANALYZER_NONNULL = YES;
				CLANG_CXX_LANGUAGE_STANDARD = "gnu++0x";
				CLANG_CXX_LIBRARY = "libc++";
				CLANG_ENABLE_MODULES = YES;
				CLANG_ENABLE_OBJC_ARC = YES;
				CLANG_WARN_BOOL_CONVERSION = YES;
				CLANG_WARN_CONSTANT_CONVERSION = YES;
				CLANG_WARN_DIRECT_OBJC_ISA_USAGE = YES_ERROR;
				CLANG_WARN_DOCUMENTATION_COMMENTS = YES;
				CLANG_WARN_EMPTY_BODY = YES;
				CLANG_WARN_ENUM_CONVERSION = YES;
				CLANG_WARN_INFINITE_RECURSION = YES;
				CLANG_WARN_INT_CONVERSION = YES;
				CLANG_WARN_OBJC_ROOT_CLASS = YES_ERROR;
				CLANG_WARN_SUSPICIOUS_MOVE = YES;
				CLANG_WARN_UNREACHABLE_CODE = YES;
				CLANG_WARN__DUPLICATE_METHOD_MATCH = YES;
				"CODE_SIGN_IDENTITY[sdk=iphoneos*]" = "iPhone Developer";
				COPY_PHASE_STRIP = NO;
				DEBUG_INFORMATION_FORMAT = "dwarf-with-dsym";
				ENABLE_NS_ASSERTIONS = NO;
				ENABLE_STRICT_OBJC_MSGSEND = YES;
				GCC_C_LANGUAGE_STANDARD = gnu99;
				GCC_NO_COMMON_BLOCKS = YES;
				GCC_WARN_64_TO_32_BIT_CONVERSION = YES;
				GCC_WARN_ABOUT_RETURN_TYPE = YES_ERROR;
				GCC_WARN_UNDECLARED_SELECTOR = YES;
				GCC_WARN_UNINITIALIZED_AUTOS = YES_AGGRESSIVE;
				GCC_WARN_UNUSED_FUNCTION = YES;
				GCC_WARN_UNUSED_VARIABLE = YES;
				IPHONEOS_DEPLOYMENT_TARGET = 10.2;
				MTL_ENABLE_DEBUG_INFO = NO;
				SDKROOT = iphoneos;
				TARGETED_DEVICE_FAMILY = "1,2";
				VALIDATE_PRODUCT = YES;
			};
			name = Release;
		};
		7AAA9E171E44F2FB0062DF73 /* Debug */ = {
			isa = XCBuildConfiguration;
			buildSettings = {
				ASSETCATALOG_COMPILER_APPICON_NAME = AppIcon;
				DEVELOPMENT_TEAM = L68B39766U;
				INFOPLIST_FILE = Faust/Info.plist;
				IPHONEOS_DEPLOYMENT_TARGET = 10.0;
				LD_RUNPATH_SEARCH_PATHS = "$(inherited) @executable_path/Frameworks";
				PRODUCT_BUNDLE_IDENTIFIER = ccrma.Faust;
				PRODUCT_NAME = "$(TARGET_NAME)";
			};
			name = Debug;
		};
		7AAA9E181E44F2FB0062DF73 /* Release */ = {
			isa = XCBuildConfiguration;
			buildSettings = {
				ASSETCATALOG_COMPILER_APPICON_NAME = AppIcon;
				DEVELOPMENT_TEAM = L68B39766U;
				INFOPLIST_FILE = Faust/Info.plist;
				IPHONEOS_DEPLOYMENT_TARGET = 10.0;
				LD_RUNPATH_SEARCH_PATHS = "$(inherited) @executable_path/Frameworks";
				PRODUCT_BUNDLE_IDENTIFIER = ccrma.Faust;
				PRODUCT_NAME = "$(TARGET_NAME)";
			};
			name = Release;
		};
/* End XCBuildConfiguration section */

/* Begin XCConfigurationList section */
		7AAA9DFA1E44F2FB0062DF73 /* Build configuration list for PBXProject "Faust" */ = {
			isa = XCConfigurationList;
			buildConfigurations = (
				7AAA9E141E44F2FB0062DF73 /* Debug */,
				7AAA9E151E44F2FB0062DF73 /* Release */,
			);
			defaultConfigurationIsVisible = 0;
			defaultConfigurationName = Release;
		};
		7AAA9E161E44F2FB0062DF73 /* Build configuration list for PBXNativeTarget "Faust" */ = {
			isa = XCConfigurationList;
			buildConfigurations = (
				7AAA9E171E44F2FB0062DF73 /* Debug */,
				7AAA9E181E44F2FB0062DF73 /* Release */,
			);
			defaultConfigurationIsVisible = 0;
		};
/* End XCConfigurationList section */
	};
	rootObject = 7AAA9DF71E44F2FB0062DF73 /* Project object */;
}
